{"format_version":"0.1","terraform_version":"0.12.18","variables":{"subnet1_region":{"value":""},"subnet2_region":{"value":"ap-southeast-2b"}},"planned_values":{"root_module":{"resources":[{"address":"aws_db_instance.rds_challenge","mode":"managed","type":"aws_db_instance","name":"rds_challenge","provider_name":"aws","schema_version":1,"values":{"allocated_storage":20,"allow_major_version_upgrade":null,"auto_minor_version_upgrade":true,"copy_tags_to_snapshot":false,"delete_automated_backups":true,"deletion_protection":null,"domain":null,"domain_iam_role_name":null,"enabled_cloudwatch_logs_exports":null,"engine":"mysql","engine_version":"5.7","final_snapshot_identifier":null,"iam_database_authentication_enabled":null,"identifier_prefix":"rdschallengeupdated","instance_class":"db.t2.micro","iops":null,"max_allocated_storage":null,"monitoring_interval":0,"name":"rdschallenge","parameter_group_name":"default.mysql5.7","password":"Challenge","performance_insights_enabled":false,"publicly_accessible":false,"replicate_source_db":null,"s3_import":[],"security_group_names":null,"skip_final_snapshot":true,"snapshot_identifier":null,"storage_encrypted":null,"storage_type":"gp2","tags":null,"timeouts":null,"username":"challenge"}},{"address":"aws_subnet.challenge_subnet1","mode":"managed","type":"aws_subnet","name":"challenge_subnet1","provider_name":"aws","schema_version":1,"values":{"arn":"arn:aws:ec2:ap-southeast-2:547079544821:subnet/subnet-041504ee3db5ed132","assign_ipv6_address_on_creation":false,"availability_zone":"ap-southeast-2a","availability_zone_id":"apse2-az3","cidr_block":"10.0.1.0/24","id":"subnet-041504ee3db5ed132","ipv6_cidr_block":"","ipv6_cidr_block_association_id":"","map_public_ip_on_launch":false,"outpost_arn":"","owner_id":"547079544821","tags":{"Company":"Momentum","Name":"ChallengeSubnet1"},"timeouts":null,"vpc_id":"vpc-0672e3f53b6637160"}},{"address":"aws_subnet.challenge_subnet2","mode":"managed","type":"aws_subnet","name":"challenge_subnet2","provider_name":"aws","schema_version":1,"values":{"arn":"arn:aws:ec2:ap-southeast-2:547079544821:subnet/subnet-01bcd05eccc1a76e1","assign_ipv6_address_on_creation":false,"availability_zone":"ap-southeast-2b","availability_zone_id":"apse2-az1","cidr_block":"10.0.2.0/24","id":"subnet-01bcd05eccc1a76e1","ipv6_cidr_block":"","ipv6_cidr_block_association_id":"","map_public_ip_on_launch":false,"outpost_arn":"","owner_id":"547079544821","tags":{"Company":"Momentum","Name":"ChallengeSubnet2"},"timeouts":null,"vpc_id":"vpc-0672e3f53b6637160"}},{"address":"aws_vpc.challenge_vpc","mode":"managed","type":"aws_vpc","name":"challenge_vpc","provider_name":"aws","schema_version":1,"values":{"arn":"arn:aws:ec2:ap-southeast-2:547079544821:vpc/vpc-0672e3f53b6637160","assign_generated_ipv6_cidr_block":false,"cidr_block":"10.0.0.0/16","default_network_acl_id":"acl-03199d1d044983aaa","default_route_table_id":"rtb-0695cb99dadf40961","default_security_group_id":"sg-09d6a0fccf07095fc","dhcp_options_id":"dopt-77e79f10","enable_classiclink":false,"enable_classiclink_dns_support":false,"enable_dns_hostnames":false,"enable_dns_support":false,"id":"vpc-0672e3f53b6637160","instance_tenancy":"default","ipv6_association_id":"","ipv6_cidr_block":"","main_route_table_id":"rtb-0695cb99dadf40961","owner_id":"547079544821","tags":{"Company":"Momentum","Name":"Challenge"}}}]}},"resource_changes":[{"address":"aws_db_instance.rds_challenge","mode":"managed","type":"aws_db_instance","name":"rds_challenge","provider_name":"aws","change":{"actions":["delete","create"],"before":{"address":"rdschallenge20201013085043145900000001.c1dom6qakhye.ap-southeast-2.rds.amazonaws.com","allocated_storage":20,"allow_major_version_upgrade":null,"apply_immediately":null,"arn":"arn:aws:rds:ap-southeast-2:547079544821:db:rdschallenge20201013085043145900000001","auto_minor_version_upgrade":true,"availability_zone":"ap-southeast-2c","backup_retention_period":0,"backup_window":"19:27-19:57","ca_cert_identifier":"rds-ca-2019","character_set_name":null,"copy_tags_to_snapshot":false,"db_subnet_group_name":"default","delete_automated_backups":true,"deletion_protection":false,"domain":"","domain_iam_role_name":"","enabled_cloudwatch_logs_exports":[],"endpoint":"rdschallenge20201013085043145900000001.c1dom6qakhye.ap-southeast-2.rds.amazonaws.com:3306","engine":"mysql","engine_version":"5.7.26","final_snapshot_identifier":null,"hosted_zone_id":"Z32T0VRHXEXS0V","iam_database_authentication_enabled":false,"id":"rdschallenge20201013085043145900000001","identifier":"rdschallenge20201013085043145900000001","identifier_prefix":"rdschallenge","instance_class":"db.t2.micro","iops":0,"kms_key_id":"","license_model":"general-public-license","maintenance_window":"fri:18:57-fri:19:27","max_allocated_storage":0,"monitoring_interval":0,"monitoring_role_arn":"","multi_az":false,"name":"rdschallenge","option_group_name":"default:mysql-5-7","parameter_group_name":"default.mysql5.7","password":"Challenge","performance_insights_enabled":false,"performance_insights_kms_key_id":"","performance_insights_retention_period":0,"port":3306,"publicly_accessible":false,"replicas":[],"replicate_source_db":"","resource_id":"db-DBZVH7XLPQQ4LCH2WWT4CBQSAQ","s3_import":[],"security_group_names":[],"skip_final_snapshot":true,"snapshot_identifier":null,"status":"available","storage_encrypted":false,"storage_type":"gp2","tags":{},"timeouts":null,"timezone":"","username":"challenge","vpc_security_group_ids":["sg-fbd9b481"]},"after":{"allocated_storage":20,"allow_major_version_upgrade":null,"auto_minor_version_upgrade":true,"copy_tags_to_snapshot":false,"delete_automated_backups":true,"deletion_protection":null,"domain":null,"domain_iam_role_name":null,"enabled_cloudwatch_logs_exports":null,"engine":"mysql","engine_version":"5.7","final_snapshot_identifier":null,"iam_database_authentication_enabled":null,"identifier_prefix":"rdschallengeupdated","instance_class":"db.t2.micro","iops":null,"max_allocated_storage":null,"monitoring_interval":0,"name":"rdschallenge","parameter_group_name":"default.mysql5.7","password":"Challenge","performance_insights_enabled":false,"publicly_accessible":false,"replicate_source_db":null,"s3_import":[],"security_group_names":null,"skip_final_snapshot":true,"snapshot_identifier":null,"storage_encrypted":null,"storage_type":"gp2","tags":null,"timeouts":null,"username":"challenge"},"after_unknown":{"address":true,"apply_immediately":true,"arn":true,"availability_zone":true,"backup_retention_period":true,"backup_window":true,"ca_cert_identifier":true,"character_set_name":true,"db_subnet_group_name":true,"endpoint":true,"hosted_zone_id":true,"id":true,"identifier":true,"kms_key_id":true,"license_model":true,"maintenance_window":true,"monitoring_role_arn":true,"multi_az":true,"option_group_name":true,"performance_insights_kms_key_id":true,"performance_insights_retention_period":true,"port":true,"replicas":true,"resource_id":true,"s3_import":[],"status":true,"timezone":true,"vpc_security_group_ids":true}}},{"address":"aws_subnet.challenge_subnet1","mode":"managed","type":"aws_subnet","name":"challenge_subnet1","provider_name":"aws","change":{"actions":["no-op"],"before":{"arn":"arn:aws:ec2:ap-southeast-2:547079544821:subnet/subnet-041504ee3db5ed132","assign_ipv6_address_on_creation":false,"availability_zone":"ap-southeast-2a","availability_zone_id":"apse2-az3","cidr_block":"10.0.1.0/24","id":"subnet-041504ee3db5ed132","ipv6_cidr_block":"","ipv6_cidr_block_association_id":"","map_public_ip_on_launch":false,"outpost_arn":"","owner_id":"547079544821","tags":{"Company":"Momentum","Name":"ChallengeSubnet1"},"timeouts":null,"vpc_id":"vpc-0672e3f53b6637160"},"after":{"arn":"arn:aws:ec2:ap-southeast-2:547079544821:subnet/subnet-041504ee3db5ed132","assign_ipv6_address_on_creation":false,"availability_zone":"ap-southeast-2a","availability_zone_id":"apse2-az3","cidr_block":"10.0.1.0/24","id":"subnet-041504ee3db5ed132","ipv6_cidr_block":"","ipv6_cidr_block_association_id":"","map_public_ip_on_launch":false,"outpost_arn":"","owner_id":"547079544821","tags":{"Company":"Momentum","Name":"ChallengeSubnet1"},"timeouts":null,"vpc_id":"vpc-0672e3f53b6637160"},"after_unknown":{}}},{"address":"aws_subnet.challenge_subnet2","mode":"managed","type":"aws_subnet","name":"challenge_subnet2","provider_name":"aws","change":{"actions":["no-op"],"before":{"arn":"arn:aws:ec2:ap-southeast-2:547079544821:subnet/subnet-01bcd05eccc1a76e1","assign_ipv6_address_on_creation":false,"availability_zone":"ap-southeast-2b","availability_zone_id":"apse2-az1","cidr_block":"10.0.2.0/24","id":"subnet-01bcd05eccc1a76e1","ipv6_cidr_block":"","ipv6_cidr_block_association_id":"","map_public_ip_on_launch":false,"outpost_arn":"","owner_id":"547079544821","tags":{"Company":"Momentum","Name":"ChallengeSubnet2"},"timeouts":null,"vpc_id":"vpc-0672e3f53b6637160"},"after":{"arn":"arn:aws:ec2:ap-southeast-2:547079544821:subnet/subnet-01bcd05eccc1a76e1","assign_ipv6_address_on_creation":false,"availability_zone":"ap-southeast-2b","availability_zone_id":"apse2-az1","cidr_block":"10.0.2.0/24","id":"subnet-01bcd05eccc1a76e1","ipv6_cidr_block":"","ipv6_cidr_block_association_id":"","map_public_ip_on_launch":false,"outpost_arn":"","owner_id":"547079544821","tags":{"Company":"Momentum","Name":"ChallengeSubnet2"},"timeouts":null,"vpc_id":"vpc-0672e3f53b6637160"},"after_unknown":{}}},{"address":"aws_vpc.challenge_vpc","mode":"managed","type":"aws_vpc","name":"challenge_vpc","provider_name":"aws","change":{"actions":["no-op"],"before":{"arn":"arn:aws:ec2:ap-southeast-2:547079544821:vpc/vpc-0672e3f53b6637160","assign_generated_ipv6_cidr_block":false,"cidr_block":"10.0.0.0/16","default_network_acl_id":"acl-03199d1d044983aaa","default_route_table_id":"rtb-0695cb99dadf40961","default_security_group_id":"sg-09d6a0fccf07095fc","dhcp_options_id":"dopt-77e79f10","enable_classiclink":false,"enable_classiclink_dns_support":false,"enable_dns_hostnames":false,"enable_dns_support":false,"id":"vpc-0672e3f53b6637160","instance_tenancy":"default","ipv6_association_id":"","ipv6_cidr_block":"","main_route_table_id":"rtb-0695cb99dadf40961","owner_id":"547079544821","tags":{"Company":"Momentum","Name":"Challenge"}},"after":{"arn":"arn:aws:ec2:ap-southeast-2:547079544821:vpc/vpc-0672e3f53b6637160","assign_generated_ipv6_cidr_block":false,"cidr_block":"10.0.0.0/16","default_network_acl_id":"acl-03199d1d044983aaa","default_route_table_id":"rtb-0695cb99dadf40961","default_security_group_id":"sg-09d6a0fccf07095fc","dhcp_options_id":"dopt-77e79f10","enable_classiclink":false,"enable_classiclink_dns_support":false,"enable_dns_hostnames":false,"enable_dns_support":false,"id":"vpc-0672e3f53b6637160","instance_tenancy":"default","ipv6_association_id":"","ipv6_cidr_block":"","main_route_table_id":"rtb-0695cb99dadf40961","owner_id":"547079544821","tags":{"Company":"Momentum","Name":"Challenge"}},"after_unknown":{}}}],"prior_state":{"format_version":"0.1","terraform_version":"0.12.18","values":{"root_module":{"resources":[{"address":"aws_db_instance.rds_challenge","mode":"managed","type":"aws_db_instance","name":"rds_challenge","provider_name":"aws","schema_version":1,"values":{"address":"rdschallenge20201013085043145900000001.c1dom6qakhye.ap-southeast-2.rds.amazonaws.com","allocated_storage":20,"allow_major_version_upgrade":null,"apply_immediately":null,"arn":"arn:aws:rds:ap-southeast-2:547079544821:db:rdschallenge20201013085043145900000001","auto_minor_version_upgrade":true,"availability_zone":"ap-southeast-2c","backup_retention_period":0,"backup_window":"19:27-19:57","ca_cert_identifier":"rds-ca-2019","character_set_name":null,"copy_tags_to_snapshot":false,"db_subnet_group_name":"default","delete_automated_backups":true,"deletion_protection":false,"domain":"","domain_iam_role_name":"","enabled_cloudwatch_logs_exports":[],"endpoint":"rdschallenge20201013085043145900000001.c1dom6qakhye.ap-southeast-2.rds.amazonaws.com:3306","engine":"mysql","engine_version":"5.7.26","final_snapshot_identifier":null,"hosted_zone_id":"Z32T0VRHXEXS0V","iam_database_authentication_enabled":false,"id":"rdschallenge20201013085043145900000001","identifier":"rdschallenge20201013085043145900000001","identifier_prefix":"rdschallenge","instance_class":"db.t2.micro","iops":0,"kms_key_id":"","license_model":"general-public-license","maintenance_window":"fri:18:57-fri:19:27","max_allocated_storage":0,"monitoring_interval":0,"monitoring_role_arn":"","multi_az":false,"name":"rdschallenge","option_group_name":"default:mysql-5-7","parameter_group_name":"default.mysql5.7","password":"Challenge","performance_insights_enabled":false,"performance_insights_kms_key_id":"","performance_insights_retention_period":0,"port":3306,"publicly_accessible":false,"replicas":[],"replicate_source_db":"","resource_id":"db-DBZVH7XLPQQ4LCH2WWT4CBQSAQ","s3_import":[],"security_group_names":[],"skip_final_snapshot":true,"snapshot_identifier":null,"status":"available","storage_encrypted":false,"storage_type":"gp2","tags":{},"timeouts":null,"timezone":"","username":"challenge","vpc_security_group_ids":["sg-fbd9b481"]}},{"address":"aws_subnet.challenge_subnet1","mode":"managed","type":"aws_subnet","name":"challenge_subnet1","provider_name":"aws","schema_version":1,"values":{"arn":"arn:aws:ec2:ap-southeast-2:547079544821:subnet/subnet-041504ee3db5ed132","assign_ipv6_address_on_creation":false,"availability_zone":"ap-southeast-2a","availability_zone_id":"apse2-az3","cidr_block":"10.0.1.0/24","id":"subnet-041504ee3db5ed132","ipv6_cidr_block":"","ipv6_cidr_block_association_id":"","map_public_ip_on_launch":false,"outpost_arn":"","owner_id":"547079544821","tags":{"Company":"Momentum","Name":"ChallengeSubnet1"},"timeouts":null,"vpc_id":"vpc-0672e3f53b6637160"},"depends_on":["aws_vpc.challenge_vpc"]},{"address":"aws_subnet.challenge_subnet2","mode":"managed","type":"aws_subnet","name":"challenge_subnet2","provider_name":"aws","schema_version":1,"values":{"arn":"arn:aws:ec2:ap-southeast-2:547079544821:subnet/subnet-01bcd05eccc1a76e1","assign_ipv6_address_on_creation":false,"availability_zone":"ap-southeast-2b","availability_zone_id":"apse2-az1","cidr_block":"10.0.2.0/24","id":"subnet-01bcd05eccc1a76e1","ipv6_cidr_block":"","ipv6_cidr_block_association_id":"","map_public_ip_on_launch":false,"outpost_arn":"","owner_id":"547079544821","tags":{"Company":"Momentum","Name":"ChallengeSubnet2"},"timeouts":null,"vpc_id":"vpc-0672e3f53b6637160"},"depends_on":["aws_vpc.challenge_vpc"]},{"address":"aws_vpc.challenge_vpc","mode":"managed","type":"aws_vpc","name":"challenge_vpc","provider_name":"aws","schema_version":1,"values":{"arn":"arn:aws:ec2:ap-southeast-2:547079544821:vpc/vpc-0672e3f53b6637160","assign_generated_ipv6_cidr_block":false,"cidr_block":"10.0.0.0/16","default_network_acl_id":"acl-03199d1d044983aaa","default_route_table_id":"rtb-0695cb99dadf40961","default_security_group_id":"sg-09d6a0fccf07095fc","dhcp_options_id":"dopt-77e79f10","enable_classiclink":false,"enable_classiclink_dns_support":false,"enable_dns_hostnames":false,"enable_dns_support":false,"id":"vpc-0672e3f53b6637160","instance_tenancy":"default","ipv6_association_id":"","ipv6_cidr_block":"","main_route_table_id":"rtb-0695cb99dadf40961","owner_id":"547079544821","tags":{"Company":"Momentum","Name":"Challenge"}}}]}}},"configuration":{"provider_config":{"aws":{"name":"aws","version_constraint":"~\u003e 2.0","expressions":{"max_retries":{"constant_value":10},"region":{"constant_value":"ap-southeast-2"}}}},"root_module":{"resources":[{"address":"aws_db_instance.rds_challenge","mode":"managed","type":"aws_db_instance","name":"rds_challenge","provider_config_key":"aws","expressions":{"allocated_storage":{"constant_value":20},"engine":{"constant_value":"mysql"},"engine_version":{"constant_value":"5.7"},"identifier_prefix":{"constant_value":"rdschallengeupdated"},"instance_class":{"constant_value":"db.t2.micro"},"name":{"constant_value":"rdschallenge"},"parameter_group_name":{"constant_value":"default.mysql5.7"},"password":{"constant_value":"Challenge"},"skip_final_snapshot":{"constant_value":"true"},"storage_type":{"constant_value":"gp2"},"username":{"constant_value":"challenge"}},"schema_version":1},{"address":"aws_subnet.challenge_subnet1","mode":"managed","type":"aws_subnet","name":"challenge_subnet1","provider_config_key":"aws","expressions":{"availability_zone":{"references":["var.subnet1_region"]},"cidr_block":{"constant_value":"10.0.1.0/24"},"tags":{"constant_value":{"Company":"Momentum","Name":"ChallengeSubnet1"}},"vpc_id":{"references":["aws_vpc.challenge_vpc"]}},"schema_version":1},{"address":"aws_subnet.challenge_subnet2","mode":"managed","type":"aws_subnet","name":"challenge_subnet2","provider_config_key":"aws","expressions":{"availability_zone":{"references":["var.subnet2_region"]},"cidr_block":{"constant_value":"10.0.2.0/24"},"tags":{"constant_value":{"Company":"Momentum","Name":"ChallengeSubnet2"}},"vpc_id":{"references":["aws_vpc.challenge_vpc"]}},"schema_version":1},{"address":"aws_vpc.challenge_vpc","mode":"managed","type":"aws_vpc","name":"challenge_vpc","provider_config_key":"aws","expressions":{"cidr_block":{"constant_value":"10.0.0.0/16"},"enable_dns_support":{"constant_value":"false"},"instance_tenancy":{"constant_value":"default"},"tags":{"constant_value":{"Company":"Momentum","Name":"Challenge"}}},"schema_version":1}],"variables":{"subnet1_region":{"default":"ap-southeast-2a"},"subnet2_region":{"default":"ap-southeast-2b"}}}}}
