{"format_version":"0.1","terraform_version":"0.12.18","planned_values":{"root_module":{"resources":[{"address":"aws_db_instance.rds_challenge","mode":"managed","type":"aws_db_instance","name":"rds_challenge","provider_name":"aws","schema_version":1,"values":{"allocated_storage":20,"allow_major_version_upgrade":null,"auto_minor_version_upgrade":true,"copy_tags_to_snapshot":false,"delete_automated_backups":true,"deletion_protection":null,"domain":null,"domain_iam_role_name":null,"enabled_cloudwatch_logs_exports":null,"engine":"mysql","engine_version":"5.7","final_snapshot_identifier":null,"iam_database_authentication_enabled":null,"identifier_prefix":"rdschallenge","instance_class":"db.t2.micro","iops":null,"max_allocated_storage":null,"monitoring_interval":0,"name":"rdschallenge","parameter_group_name":"default.mysql5.7","password":"Challenge","performance_insights_enabled":false,"publicly_accessible":false,"replicate_source_db":null,"s3_import":[],"security_group_names":null,"skip_final_snapshot":true,"snapshot_identifier":null,"storage_encrypted":null,"storage_type":"gp2","tags":null,"timeouts":null,"username":"challenge"}},{"address":"aws_subnet.challenge_subnet1","mode":"managed","type":"aws_subnet","name":"challenge_subnet1","provider_name":"aws","schema_version":1,"values":{"assign_ipv6_address_on_creation":false,"availability_zone":"ap-southeast-2a","cidr_block":"10.0.1.0/24","map_public_ip_on_launch":false,"outpost_arn":null,"tags":{"Company":"Momentum","Name":"ChallengeSubnet1"},"timeouts":null}},{"address":"aws_subnet.challenge_subnet2","mode":"managed","type":"aws_subnet","name":"challenge_subnet2","provider_name":"aws","schema_version":1,"values":{"assign_ipv6_address_on_creation":false,"availability_zone":"ap-southeast-2b","cidr_block":"10.0.2.0/24","map_public_ip_on_launch":false,"outpost_arn":null,"tags":{"Company":"Momentum","Name":"ChallengeSubnet2"},"timeouts":null}},{"address":"aws_vpc.challenge_vpc","mode":"managed","type":"aws_vpc","name":"challenge_vpc","provider_name":"aws","schema_version":1,"values":{"assign_generated_ipv6_cidr_block":false,"cidr_block":"10.0.0.0/16","enable_dns_support":false,"instance_tenancy":"default","tags":{"Company":"Momentum","Name":"Challenge"}}}]}},"resource_changes":[{"address":"aws_db_instance.rds_challenge","mode":"managed","type":"aws_db_instance","name":"rds_challenge","provider_name":"aws","change":{"actions":["create"],"before":null,"after":{"allocated_storage":20,"allow_major_version_upgrade":null,"auto_minor_version_upgrade":true,"copy_tags_to_snapshot":false,"delete_automated_backups":true,"deletion_protection":null,"domain":null,"domain_iam_role_name":null,"enabled_cloudwatch_logs_exports":null,"engine":"mysql","engine_version":"5.7","final_snapshot_identifier":null,"iam_database_authentication_enabled":null,"identifier_prefix":"rdschallenge","instance_class":"db.t2.micro","iops":null,"max_allocated_storage":null,"monitoring_interval":0,"name":"rdschallenge","parameter_group_name":"default.mysql5.7","password":"Challenge","performance_insights_enabled":false,"publicly_accessible":false,"replicate_source_db":null,"s3_import":[],"security_group_names":null,"skip_final_snapshot":true,"snapshot_identifier":null,"storage_encrypted":null,"storage_type":"gp2","tags":null,"timeouts":null,"username":"challenge"},"after_unknown":{"address":true,"apply_immediately":true,"arn":true,"availability_zone":true,"backup_retention_period":true,"backup_window":true,"ca_cert_identifier":true,"character_set_name":true,"db_subnet_group_name":true,"endpoint":true,"hosted_zone_id":true,"id":true,"identifier":true,"kms_key_id":true,"license_model":true,"maintenance_window":true,"monitoring_role_arn":true,"multi_az":true,"option_group_name":true,"performance_insights_kms_key_id":true,"performance_insights_retention_period":true,"port":true,"replicas":true,"resource_id":true,"s3_import":[],"status":true,"timezone":true,"vpc_security_group_ids":true}}},{"address":"aws_subnet.challenge_subnet1","mode":"managed","type":"aws_subnet","name":"challenge_subnet1","provider_name":"aws","change":{"actions":["create"],"before":null,"after":{"assign_ipv6_address_on_creation":false,"availability_zone":"ap-southeast-2a","cidr_block":"10.0.1.0/24","map_public_ip_on_launch":false,"outpost_arn":null,"tags":{"Company":"Momentum","Name":"ChallengeSubnet1"},"timeouts":null},"after_unknown":{"arn":true,"availability_zone_id":true,"id":true,"ipv6_cidr_block":true,"ipv6_cidr_block_association_id":true,"owner_id":true,"tags":{},"vpc_id":true}}},{"address":"aws_subnet.challenge_subnet2","mode":"managed","type":"aws_subnet","name":"challenge_subnet2","provider_name":"aws","change":{"actions":["create"],"before":null,"after":{"assign_ipv6_address_on_creation":false,"availability_zone":"ap-southeast-2b","cidr_block":"10.0.2.0/24","map_public_ip_on_launch":false,"outpost_arn":null,"tags":{"Company":"Momentum","Name":"ChallengeSubnet2"},"timeouts":null},"after_unknown":{"arn":true,"availability_zone_id":true,"id":true,"ipv6_cidr_block":true,"ipv6_cidr_block_association_id":true,"owner_id":true,"tags":{},"vpc_id":true}}},{"address":"aws_vpc.challenge_vpc","mode":"managed","type":"aws_vpc","name":"challenge_vpc","provider_name":"aws","change":{"actions":["create"],"before":null,"after":{"assign_generated_ipv6_cidr_block":false,"cidr_block":"10.0.0.0/16","enable_dns_support":false,"instance_tenancy":"default","tags":{"Company":"Momentum","Name":"Challenge"}},"after_unknown":{"arn":true,"default_network_acl_id":true,"default_route_table_id":true,"default_security_group_id":true,"dhcp_options_id":true,"enable_classiclink":true,"enable_classiclink_dns_support":true,"enable_dns_hostnames":true,"id":true,"ipv6_association_id":true,"ipv6_cidr_block":true,"main_route_table_id":true,"owner_id":true,"tags":{}}}}],"configuration":{"provider_config":{"aws":{"name":"aws","version_constraint":"~\u003e 2.0","expressions":{"max_retries":{"constant_value":10},"region":{"constant_value":"ap-southeast-2"}}}},"root_module":{"resources":[{"address":"aws_db_instance.rds_challenge","mode":"managed","type":"aws_db_instance","name":"rds_challenge","provider_config_key":"aws","expressions":{"allocated_storage":{"constant_value":20},"engine":{"constant_value":"mysql"},"engine_version":{"constant_value":"5.7"},"identifier_prefix":{"constant_value":"rdschallenge"},"instance_class":{"constant_value":"db.t2.micro"},"name":{"constant_value":"rdschallenge"},"parameter_group_name":{"constant_value":"default.mysql5.7"},"password":{"constant_value":"Challenge"},"skip_final_snapshot":{"constant_value":"true"},"storage_type":{"constant_value":"gp2"},"username":{"constant_value":"challenge"}},"schema_version":1},{"address":"aws_subnet.challenge_subnet1","mode":"managed","type":"aws_subnet","name":"challenge_subnet1","provider_config_key":"aws","expressions":{"availability_zone":{"constant_value":"ap-southeast-2a"},"cidr_block":{"constant_value":"10.0.1.0/24"},"tags":{"constant_value":{"Company":"Momentum","Name":"ChallengeSubnet1"}},"vpc_id":{"references":["aws_vpc.challenge_vpc"]}},"schema_version":1},{"address":"aws_subnet.challenge_subnet2","mode":"managed","type":"aws_subnet","name":"challenge_subnet2","provider_config_key":"aws","expressions":{"availability_zone":{"constant_value":"ap-southeast-2b"},"cidr_block":{"constant_value":"10.0.2.0/24"},"tags":{"constant_value":{"Company":"Momentum","Name":"ChallengeSubnet2"}},"vpc_id":{"references":["aws_vpc.challenge_vpc"]}},"schema_version":1},{"address":"aws_vpc.challenge_vpc","mode":"managed","type":"aws_vpc","name":"challenge_vpc","provider_config_key":"aws","expressions":{"cidr_block":{"constant_value":"10.0.0.0/16"},"enable_dns_support":{"constant_value":"false"},"instance_tenancy":{"constant_value":"default"},"tags":{"constant_value":{"Company":"Momentum","Name":"Challenge"}}},"schema_version":1}]}}}
